{
  "nodes": {
    "flake-parts": {
      "inputs": {
        "nixpkgs-lib": [
          "nixvim",
          "nixpkgs"
        ]
      },
      "locked": {
<<<<<<< Updated upstream
<<<<<<< Updated upstream
        "lastModified": 1760948891,
        "narHash": "sha256-TmWcdiUUaWk8J4lpjzu4gCGxWY6/Ok7mOK4fIFfBuU4=",
||||||| Stash base
        "lastModified": 1756770412,
        "narHash": "sha256-+uWLQZccFHwqpGqr2Yt5VsW/PbeJVTn9Dk6SHWhNRPw=",
=======
        "lastModified": 1759362264,
        "narHash": "sha256-wfG0S7pltlYyZTM+qqlhJ7GMw2fTF4mLKCIVhLii/4M=",
>>>>>>> Stashed changes
||||||| Stash base
        "lastModified": 1756770412,
        "narHash": "sha256-+uWLQZccFHwqpGqr2Yt5VsW/PbeJVTn9Dk6SHWhNRPw=",
=======
        "lastModified": 1759362264,
        "narHash": "sha256-wfG0S7pltlYyZTM+qqlhJ7GMw2fTF4mLKCIVhLii/4M=",
>>>>>>> Stashed changes
        "owner": "hercules-ci",
        "repo": "flake-parts",
<<<<<<< Updated upstream
<<<<<<< Updated upstream
        "rev": "864599284fc7c0ba6357ed89ed5e2cd5040f0c04",
||||||| Stash base
        "rev": "4524271976b625a4a605beefd893f270620fd751",
=======
        "rev": "758cf7296bee11f1706a574c77d072b8a7baa881",
>>>>>>> Stashed changes
||||||| Stash base
        "rev": "4524271976b625a4a605beefd893f270620fd751",
=======
        "rev": "758cf7296bee11f1706a574c77d072b8a7baa881",
>>>>>>> Stashed changes
        "type": "github"
      },
      "original": {
        "owner": "hercules-ci",
        "repo": "flake-parts",
        "type": "github"
      }
    },
    "flake-utils": {
      "inputs": {
        "systems": "systems"
      },
      "locked": {
        "lastModified": 1731533236,
        "narHash": "sha256-l0KFg5HjrsfsO/JpG+r7fRrqm12kzFHyUHqHCVpMMbI=",
        "owner": "numtide",
        "repo": "flake-utils",
        "rev": "11707dc2f618dd54ca8739b309ec4fc024de578b",
        "type": "github"
      },
      "original": {
        "owner": "numtide",
        "repo": "flake-utils",
        "type": "github"
      }
    },
    "home-manager": {
      "inputs": {
        "nixpkgs": [
          "nixpkgs"
        ]
      },
      "locked": {
<<<<<<< Updated upstream
<<<<<<< Updated upstream
        "lastModified": 1762228452,
        "narHash": "sha256-Y5950vzoyJ8+u4U6dlI/2VEbf3JQnIJsmRWWWcsgpRg=",
||||||| Stash base
        "lastModified": 1758545873,
        "narHash": "sha256-0VP5cVd6DyibHNPC/IJ5Ut+KuNYUeKmr5ltzf+IcpjA=",
=======
        "lastModified": 1759853171,
        "narHash": "sha256-uqbhyXtqMbYIiMqVqUhNdSuh9AEEkiasoK3mIPIVRhk=",
>>>>>>> Stashed changes
||||||| Stash base
        "lastModified": 1758545873,
        "narHash": "sha256-0VP5cVd6DyibHNPC/IJ5Ut+KuNYUeKmr5ltzf+IcpjA=",
=======
        "lastModified": 1759853171,
        "narHash": "sha256-uqbhyXtqMbYIiMqVqUhNdSuh9AEEkiasoK3mIPIVRhk=",
>>>>>>> Stashed changes
        "owner": "nix-community",
        "repo": "home-manager",
<<<<<<< Updated upstream
<<<<<<< Updated upstream
        "rev": "aa6936bb637e46a49cf1292486200ba41dd4bcf7",
||||||| Stash base
        "rev": "de5369834ff1f75246c46be89ef993392e961c26",
=======
        "rev": "1a09eb84fa9e33748432a5253102d01251f72d6d",
>>>>>>> Stashed changes
||||||| Stash base
        "rev": "de5369834ff1f75246c46be89ef993392e961c26",
=======
        "rev": "1a09eb84fa9e33748432a5253102d01251f72d6d",
>>>>>>> Stashed changes
        "type": "github"
      },
      "original": {
        "owner": "nix-community",
        "ref": "master",
        "repo": "home-manager",
        "type": "github"
      }
    },
    "ixx": {
      "inputs": {
        "flake-utils": [
          "nixvim",
          "nuschtosSearch",
          "flake-utils"
        ],
        "nixpkgs": [
          "nixvim",
          "nuschtosSearch",
          "nixpkgs"
        ]
      },
      "locked": {
        "lastModified": 1754860581,
        "narHash": "sha256-EM0IE63OHxXCOpDHXaTyHIOk2cNvMCGPqLt/IdtVxgk=",
        "owner": "NuschtOS",
        "repo": "ixx",
        "rev": "babfe85a876162c4acc9ab6fb4483df88fa1f281",
        "type": "github"
      },
      "original": {
        "owner": "NuschtOS",
        "ref": "v0.1.1",
        "repo": "ixx",
        "type": "github"
      }
    },
    "musnix": {
      "inputs": {
        "nixpkgs": "nixpkgs"
      },
      "locked": {
        "lastModified": 1756852730,
        "narHash": "sha256-qPere4RBHoZxiEGl8zXU8gjroZg4gkYGEwaAbKmL4vE=",
        "owner": "musnix",
        "repo": "musnix",
        "rev": "7ccc92050e43dc92309396c6f2fe1f542214a242",
        "type": "github"
      },
      "original": {
        "owner": "musnix",
        "repo": "musnix",
        "type": "github"
      }
    },
    "nixpkgs": {
      "locked": {
        "lastModified": 1756542300,
        "narHash": "sha256-tlOn88coG5fzdyqz6R93SQL5Gpq+m/DsWpekNFhqPQk=",
        "owner": "NixOS",
        "repo": "nixpkgs",
        "rev": "d7600c775f877cd87b4f5a831c28aa94137377aa",
        "type": "github"
      },
      "original": {
        "owner": "NixOS",
        "ref": "nixos-unstable",
        "repo": "nixpkgs",
        "type": "github"
      }
    },
    "nixpkgs_2": {
      "locked": {
<<<<<<< Updated upstream
<<<<<<< Updated upstream
        "lastModified": 1762111121,
        "narHash": "sha256-4vhDuZ7OZaZmKKrnDpxLZZpGIJvAeMtK6FKLJYUtAdw=",
||||||| Stash base
        "lastModified": 1758277210,
        "narHash": "sha256-iCGWf/LTy+aY0zFu8q12lK8KuZp7yvdhStehhyX1v8w=",
=======
        "lastModified": 1759831965,
        "narHash": "sha256-vgPm2xjOmKdZ0xKA6yLXPJpjOtQPHfaZDRtH+47XEBo=",
>>>>>>> Stashed changes
||||||| Stash base
        "lastModified": 1758277210,
        "narHash": "sha256-iCGWf/LTy+aY0zFu8q12lK8KuZp7yvdhStehhyX1v8w=",
=======
        "lastModified": 1759831965,
        "narHash": "sha256-vgPm2xjOmKdZ0xKA6yLXPJpjOtQPHfaZDRtH+47XEBo=",
>>>>>>> Stashed changes
        "owner": "NixOS",
        "repo": "nixpkgs",
<<<<<<< Updated upstream
<<<<<<< Updated upstream
        "rev": "b3d51a0365f6695e7dd5cdf3e180604530ed33b4",
||||||| Stash base
        "rev": "8eaee110344796db060382e15d3af0a9fc396e0e",
=======
        "rev": "c9b6fb798541223bbb396d287d16f43520250518",
>>>>>>> Stashed changes
||||||| Stash base
        "rev": "8eaee110344796db060382e15d3af0a9fc396e0e",
=======
        "rev": "c9b6fb798541223bbb396d287d16f43520250518",
>>>>>>> Stashed changes
        "type": "github"
      },
      "original": {
        "id": "nixpkgs",
        "ref": "nixos-unstable",
        "type": "indirect"
      }
    },
    "nixvim": {
      "inputs": {
        "flake-parts": "flake-parts",
        "nixpkgs": [
          "nixpkgs"
        ],
        "nuschtosSearch": "nuschtosSearch",
        "systems": "systems_2"
      },
      "locked": {
<<<<<<< Updated upstream
<<<<<<< Updated upstream
        "lastModified": 1762207388,
        "narHash": "sha256-+FvGHB57ZuJIYbI35qcyGsxhvKdeKlX7AomVD6M5sIg=",
||||||| Stash base
        "lastModified": 1758551108,
        "narHash": "sha256-3KArqJcnrcEr1M3QsBG7NZRQSxVNFI3In+9MHdVmUKY=",
=======
        "lastModified": 1759878636,
        "narHash": "sha256-yKMf+iG5KmQkMamtT8wWNFwyjSiluHyH683OcpJh/kQ=",
>>>>>>> Stashed changes
||||||| Stash base
        "lastModified": 1758551108,
        "narHash": "sha256-3KArqJcnrcEr1M3QsBG7NZRQSxVNFI3In+9MHdVmUKY=",
=======
        "lastModified": 1759878636,
        "narHash": "sha256-yKMf+iG5KmQkMamtT8wWNFwyjSiluHyH683OcpJh/kQ=",
>>>>>>> Stashed changes
        "owner": "nix-community",
        "repo": "nixvim",
<<<<<<< Updated upstream
<<<<<<< Updated upstream
        "rev": "de1760ddfd3e67aa5d2251d7df9e6bad30c36692",
||||||| Stash base
        "rev": "f828dead7723e7680b09929b9886225389d0370b",
=======
        "rev": "c074710027ce3047382326d1fcc1a4e174cccfcc",
>>>>>>> Stashed changes
||||||| Stash base
        "rev": "f828dead7723e7680b09929b9886225389d0370b",
=======
        "rev": "c074710027ce3047382326d1fcc1a4e174cccfcc",
>>>>>>> Stashed changes
        "type": "github"
      },
      "original": {
        "owner": "nix-community",
        "repo": "nixvim",
        "type": "github"
      }
    },
    "nuschtosSearch": {
      "inputs": {
        "flake-utils": "flake-utils",
        "ixx": "ixx",
        "nixpkgs": [
          "nixvim",
          "nixpkgs"
        ]
      },
      "locked": {
<<<<<<< Updated upstream
<<<<<<< Updated upstream
        "lastModified": 1761730856,
        "narHash": "sha256-t1i5p/vSWwueZSC0Z2BImxx3BjoUDNKyC2mk24krcMY=",
||||||| Stash base
        "lastModified": 1758272005,
        "narHash": "sha256-1u3xTH+3kaHhztPmWtLAD8LF5pTYLR2CpsPFWTFnVtQ=",
=======
        "lastModified": 1758662783,
        "narHash": "sha256-igrxT+/MnmcftPOHEb+XDwAMq3Xg1Xy7kVYQaHhPlAg=",
>>>>>>> Stashed changes
||||||| Stash base
        "lastModified": 1758272005,
        "narHash": "sha256-1u3xTH+3kaHhztPmWtLAD8LF5pTYLR2CpsPFWTFnVtQ=",
=======
        "lastModified": 1758662783,
        "narHash": "sha256-igrxT+/MnmcftPOHEb+XDwAMq3Xg1Xy7kVYQaHhPlAg=",
>>>>>>> Stashed changes
        "owner": "NuschtOS",
        "repo": "search",
<<<<<<< Updated upstream
<<<<<<< Updated upstream
        "rev": "e29de6db0cb3182e9aee75a3b1fd1919d995d85b",
||||||| Stash base
        "rev": "aa975a3757f28ce862812466c5848787b868e116",
=======
        "rev": "7d4c0fc4ffe3bd64e5630417162e9e04e64b27a4",
>>>>>>> Stashed changes
||||||| Stash base
        "rev": "aa975a3757f28ce862812466c5848787b868e116",
=======
        "rev": "7d4c0fc4ffe3bd64e5630417162e9e04e64b27a4",
>>>>>>> Stashed changes
        "type": "github"
      },
      "original": {
        "owner": "NuschtOS",
        "repo": "search",
        "type": "github"
      }
    },
    "root": {
      "inputs": {
        "home-manager": "home-manager",
        "musnix": "musnix",
        "nixpkgs": "nixpkgs_2",
        "nixvim": "nixvim"
      }
    },
    "systems": {
      "locked": {
        "lastModified": 1681028828,
        "narHash": "sha256-Vy1rq5AaRuLzOxct8nz4T6wlgyUR7zLU309k9mBC768=",
        "owner": "nix-systems",
        "repo": "default",
        "rev": "da67096a3b9bf56a91d16901293e51ba5b49a27e",
        "type": "github"
      },
      "original": {
        "owner": "nix-systems",
        "repo": "default",
        "type": "github"
      }
    },
    "systems_2": {
      "locked": {
        "lastModified": 1681028828,
        "narHash": "sha256-Vy1rq5AaRuLzOxct8nz4T6wlgyUR7zLU309k9mBC768=",
        "owner": "nix-systems",
        "repo": "default",
        "rev": "da67096a3b9bf56a91d16901293e51ba5b49a27e",
        "type": "github"
      },
      "original": {
        "owner": "nix-systems",
        "repo": "default",
        "type": "github"
      }
    }
  },
  "root": "root",
  "version": 7
}
